// !$*UTF8*$!
{
	archiveVersion = 1;
	classes = {
	};
	objectVersion = 51;
	objects = {

/* Begin PBXBuildFile section */
		2CB5137334512C2DF682B28A /* Pods_Advice.framework in Frameworks */ = {isa = PBXBuildFile; fileRef = 8D575004DD2DE4FB9A7143C9 /* Pods_Advice.framework */; };
		7D262B7822B29F7B00DEB3FE /* AppDelegate.swift in Sources */ = {isa = PBXBuildFile; fileRef = 7D262B7722B29F7B00DEB3FE /* AppDelegate.swift */; };
		7D262B7A22B29F7B00DEB3FE /* HomeViewController.swift in Sources */ = {isa = PBXBuildFile; fileRef = 7D262B7922B29F7B00DEB3FE /* HomeViewController.swift */; };
		7D262B7D22B29F7B00DEB3FE /* Main.storyboard in Resources */ = {isa = PBXBuildFile; fileRef = 7D262B7B22B29F7B00DEB3FE /* Main.storyboard */; };
		7D262B8022B29F7B00DEB3FE /* Advice.xcdatamodeld in Sources */ = {isa = PBXBuildFile; fileRef = 7D262B7E22B29F7B00DEB3FE /* Advice.xcdatamodeld */; };
		7D262B8222B29F7C00DEB3FE /* Assets.xcassets in Resources */ = {isa = PBXBuildFile; fileRef = 7D262B8122B29F7C00DEB3FE /* Assets.xcassets */; };
		7D262B8522B29F7C00DEB3FE /* LaunchScreen.storyboard in Resources */ = {isa = PBXBuildFile; fileRef = 7D262B8322B29F7C00DEB3FE /* LaunchScreen.storyboard */; };
		7D4C279322B7DB78002625CC /* Advice.swift in Sources */ = {isa = PBXBuildFile; fileRef = 7D4C279222B7DB78002625CC /* Advice.swift */; };
		7DD9BD4522C3CB51000F039D /* YodaTranslation.swift in Sources */ = {isa = PBXBuildFile; fileRef = 7DD9BD4422C3CB51000F039D /* YodaTranslation.swift */; };
/* End PBXBuildFile section */

/* Begin PBXFileReference section */
		0D7E62792D92BE2C0B3BF484 /* Pods-Advice.debug.xcconfig */ = {isa = PBXFileReference; includeInIndex = 1; lastKnownFileType = text.xcconfig; name = "Pods-Advice.debug.xcconfig"; path = "Target Support Files/Pods-Advice/Pods-Advice.debug.xcconfig"; sourceTree = "<group>"; };
		7D262B7422B29F7B00DEB3FE /* Advice.app */ = {isa = PBXFileReference; explicitFileType = wrapper.application; includeInIndex = 0; path = Advice.app; sourceTree = BUILT_PRODUCTS_DIR; };
		7D262B7722B29F7B00DEB3FE /* AppDelegate.swift */ = {isa = PBXFileReference; lastKnownFileType = sourcecode.swift; path = AppDelegate.swift; sourceTree = "<group>"; };
		7D262B7922B29F7B00DEB3FE /* HomeViewController.swift */ = {isa = PBXFileReference; lastKnownFileType = sourcecode.swift; path = HomeViewController.swift; sourceTree = "<group>"; };
		7D262B7C22B29F7B00DEB3FE /* Base */ = {isa = PBXFileReference; lastKnownFileType = file.storyboard; name = Base; path = Base.lproj/Main.storyboard; sourceTree = "<group>"; };
		7D262B7F22B29F7B00DEB3FE /* Advice.xcdatamodel */ = {isa = PBXFileReference; lastKnownFileType = wrapper.xcdatamodel; path = Advice.xcdatamodel; sourceTree = "<group>"; };
		7D262B8122B29F7C00DEB3FE /* Assets.xcassets */ = {isa = PBXFileReference; lastKnownFileType = folder.assetcatalog; path = Assets.xcassets; sourceTree = "<group>"; };
		7D262B8422B29F7C00DEB3FE /* Base */ = {isa = PBXFileReference; lastKnownFileType = file.storyboard; name = Base; path = Base.lproj/LaunchScreen.storyboard; sourceTree = "<group>"; };
		7D262B8622B29F7C00DEB3FE /* Info.plist */ = {isa = PBXFileReference; lastKnownFileType = text.plist.xml; path = Info.plist; sourceTree = "<group>"; };
		7D4C279222B7DB78002625CC /* Advice.swift */ = {isa = PBXFileReference; lastKnownFileType = sourcecode.swift; path = Advice.swift; sourceTree = "<group>"; };
		7DD9BD4422C3CB51000F039D /* YodaTranslation.swift */ = {isa = PBXFileReference; lastKnownFileType = sourcecode.swift; path = YodaTranslation.swift; sourceTree = "<group>"; };
		8D575004DD2DE4FB9A7143C9 /* Pods_Advice.framework */ = {isa = PBXFileReference; explicitFileType = wrapper.framework; includeInIndex = 0; path = Pods_Advice.framework; sourceTree = BUILT_PRODUCTS_DIR; };
		B9E35FC0F494BA38C535C328 /* Pods-Advice.release.xcconfig */ = {isa = PBXFileReference; includeInIndex = 1; lastKnownFileType = text.xcconfig; name = "Pods-Advice.release.xcconfig"; path = "Target Support Files/Pods-Advice/Pods-Advice.release.xcconfig"; sourceTree = "<group>"; };
/* End PBXFileReference section */

/* Begin PBXFrameworksBuildPhase section */
		7D262B7122B29F7B00DEB3FE /* Frameworks */ = {
			isa = PBXFrameworksBuildPhase;
			buildActionMask = 2147483647;
			files = (
				2CB5137334512C2DF682B28A /* Pods_Advice.framework in Frameworks */,
			);
			runOnlyForDeploymentPostprocessing = 0;
		};
/* End PBXFrameworksBuildPhase section */

/* Begin PBXGroup section */
		01EE2D3235FABDAF2010D607 /* Pods */ = {
			isa = PBXGroup;
			children = (
				0D7E62792D92BE2C0B3BF484 /* Pods-Advice.debug.xcconfig */,
				B9E35FC0F494BA38C535C328 /* Pods-Advice.release.xcconfig */,
			);
			path = Pods;
			sourceTree = "<group>";
		};
		69221B94CD2EDA7613D53586 /* Frameworks */ = {
			isa = PBXGroup;
			children = (
				8D575004DD2DE4FB9A7143C9 /* Pods_Advice.framework */,
			);
			name = Frameworks;
			sourceTree = "<group>";
		};
		7D262B6B22B29F7B00DEB3FE = {
			isa = PBXGroup;
			children = (
				7D262B7622B29F7B00DEB3FE /* Advice */,
				7D262B7522B29F7B00DEB3FE /* Products */,
				01EE2D3235FABDAF2010D607 /* Pods */,
				69221B94CD2EDA7613D53586 /* Frameworks */,
			);
			sourceTree = "<group>";
		};
		7D262B7522B29F7B00DEB3FE /* Products */ = {
			isa = PBXGroup;
			children = (
				7D262B7422B29F7B00DEB3FE /* Advice.app */,
			);
			name = Products;
			sourceTree = "<group>";
		};
		7D262B7622B29F7B00DEB3FE /* Advice */ = {
			isa = PBXGroup;
			children = (
				7D262B7722B29F7B00DEB3FE /* AppDelegate.swift */,
				7D262B7922B29F7B00DEB3FE /* HomeViewController.swift */,
				7D262B7B22B29F7B00DEB3FE /* Main.storyboard */,
				7D262B8122B29F7C00DEB3FE /* Assets.xcassets */,
				7D262B8322B29F7C00DEB3FE /* LaunchScreen.storyboard */,
				7D262B8622B29F7C00DEB3FE /* Info.plist */,
				7D262B7E22B29F7B00DEB3FE /* Advice.xcdatamodeld */,
				7D4C279222B7DB78002625CC /* Advice.swift */,
				7DD9BD4422C3CB51000F039D /* YodaTranslation.swift */,
			);
			path = Advice;
			sourceTree = "<group>";
		};
/* End PBXGroup section */

/* Begin PBXNativeTarget section */
		7D262B7322B29F7B00DEB3FE /* Advice */ = {
			isa = PBXNativeTarget;
			buildConfigurationList = 7D262B8922B29F7C00DEB3FE /* Build configuration list for PBXNativeTarget "Advice" */;
			buildPhases = (
				6D03CA91E96D35FB31BEA256 /* [CP] Check Pods Manifest.lock */,
				7D262B7022B29F7B00DEB3FE /* Sources */,
				7D262B7122B29F7B00DEB3FE /* Frameworks */,
				7D262B7222B29F7B00DEB3FE /* Resources */,
				472C9A4957411D2E86D28B61 /* [CP] Embed Pods Frameworks */,
			);
			buildRules = (
			);
			dependencies = (
			);
			name = Advice;
			productName = Advice;
			productReference = 7D262B7422B29F7B00DEB3FE /* Advice.app */;
			productType = "com.apple.product-type.application";
		};
/* End PBXNativeTarget section */

/* Begin PBXProject section */
		7D262B6C22B29F7B00DEB3FE /* Project object */ = {
			isa = PBXProject;
			attributes = {
				LastSwiftUpdateCheck = 1020;
				LastUpgradeCheck = 1020;
				ORGANIZATIONNAME = "Mitchell Socia";
				TargetAttributes = {
					7D262B7322B29F7B00DEB3FE = {
						CreatedOnToolsVersion = 10.2.1;
					};
				};
			};
			buildConfigurationList = 7D262B6F22B29F7B00DEB3FE /* Build configuration list for PBXProject "Advice" */;
			compatibilityVersion = "Xcode 9.3";
			developmentRegion = en;
			hasScannedForEncodings = 0;
			knownRegions = (
				en,
				Base,
			);
			mainGroup = 7D262B6B22B29F7B00DEB3FE;
			productRefGroup = 7D262B7522B29F7B00DEB3FE /* Products */;
			projectDirPath = "";
			projectRoot = "";
			targets = (
				7D262B7322B29F7B00DEB3FE /* Advice */,
			);
		};
/* End PBXProject section */

/* Begin PBXResourcesBuildPhase section */
		7D262B7222B29F7B00DEB3FE /* Resources */ = {
			isa = PBXResourcesBuildPhase;
			buildActionMask = 2147483647;
			files = (
				7D262B8522B29F7C00DEB3FE /* LaunchScreen.storyboard in Resources */,
				7D262B8222B29F7C00DEB3FE /* Assets.xcassets in Resources */,
				7D262B7D22B29F7B00DEB3FE /* Main.storyboard in Resources */,
			);
			runOnlyForDeploymentPostprocessing = 0;
		};
/* End PBXResourcesBuildPhase section */

/* Begin PBXShellScriptBuildPhase section */
		472C9A4957411D2E86D28B61 /* [CP] Embed Pods Frameworks */ = {
			isa = PBXShellScriptBuildPhase;
			buildActionMask = 2147483647;
			files = (
			);
			inputFileListPaths = (
				"${PODS_ROOT}/Target Support Files/Pods-Advice/Pods-Advice-frameworks-${CONFIGURATION}-input-files.xcfilelist",
			);
			name = "[CP] Embed Pods Frameworks";
			outputFileListPaths = (
				"${PODS_ROOT}/Target Support Files/Pods-Advice/Pods-Advice-frameworks-${CONFIGURATION}-output-files.xcfilelist",
			);
			runOnlyForDeploymentPostprocessing = 0;
			shellPath = /bin/sh;
			shellScript = "\"${PODS_ROOT}/Target Support Files/Pods-Advice/Pods-Advice-frameworks.sh\"\n";
			showEnvVarsInLog = 0;
		};
		6D03CA91E96D35FB31BEA256 /* [CP] Check Pods Manifest.lock */ = {
			isa = PBXShellScriptBuildPhase;
			buildActionMask = 2147483647;
			files = (
			);
			inputFileListPaths = (
			);
			inputPaths = (
				"${PODS_PODFILE_DIR_PATH}/Podfile.lock",
				"${PODS_ROOT}/Manifest.lock",
			);
			name = "[CP] Check Pods Manifest.lock";
			outputFileListPaths = (
			);
			outputPaths = (
				"$(DERIVED_FILE_DIR)/Pods-Advice-checkManifestLockResult.txt",
			);
			runOnlyForDeploymentPostprocessing = 0;
			shellPath = /bin/sh;
			shellScript = "diff \"${PODS_PODFILE_DIR_PATH}/Podfile.lock\" \"${PODS_ROOT}/Manifest.lock\" > /dev/null\nif [ $? != 0 ] ; then\n    # print error to STDERR\n    echo \"error: The sandbox is not in sync with the Podfile.lock. Run 'pod install' or update your CocoaPods installation.\" >&2\n    exit 1\nfi\n# This output is used by Xcode 'outputs' to avoid re-running this script phase.\necho \"SUCCESS\" > \"${SCRIPT_OUTPUT_FILE_0}\"\n";
			showEnvVarsInLog = 0;
		};
/* End PBXShellScriptBuildPhase section */

/* Begin PBXSourcesBuildPhase section */
		7D262B7022B29F7B00DEB3FE /* Sources */ = {
			isa = PBXSourcesBuildPhase;
			buildActionMask = 2147483647;
			files = (
				7D262B8022B29F7B00DEB3FE /* Advice.xcdatamodeld in Sources */,
				7D262B7A22B29F7B00DEB3FE /* HomeViewController.swift in Sources */,
				7DD9BD4522C3CB51000F039D /* YodaTranslation.swift in Sources */,
				7D262B7822B29F7B00DEB3FE /* AppDelegate.swift in Sources */,
				7D4C279322B7DB78002625CC /* Advice.swift in Sources */,
			);
			runOnlyForDeploymentPostprocessing = 0;
		};
/* End PBXSourcesBuildPhase section */

/* Begin PBXVariantGroup section */
		7D262B7B22B29F7B00DEB3FE /* Main.storyboard */ = {
			isa = PBXVariantGroup;
			children = (
				7D262B7C22B29F7B00DEB3FE /* Base */,
			);
			name = Main.storyboard;
			sourceTree = "<group>";
		};
		7D262B8322B29F7C00DEB3FE /* LaunchScreen.storyboard */ = {
			isa = PBXVariantGroup;
			children = (
				7D262B8422B29F7C00DEB3FE /* Base */,
			);
			name = LaunchScreen.storyboard;
			sourceTree = "<group>";
		};
/* End PBXVariantGroup section */

/* Begin XCBuildConfiguration section */
		7D262B8722B29F7C00DEB3FE /* Debug */ = {
			isa = XCBuildConfiguration;
			buildSettings = {
				ALWAYS_SEARCH_USER_PATHS = NO;
				CLANG_ANALYZER_NONNULL = YES;
				CLANG_ANALYZER_NUMBER_OBJECT_CONVERSION = YES_AGGRESSIVE;
				CLANG_CXX_LANGUAGE_STANDARD = "gnu++14";
				CLANG_CXX_LIBRARY = "libc++";
				CLANG_ENABLE_MODULES = YES;
				CLANG_ENABLE_OBJC_ARC = YES;
				CLANG_ENABLE_OBJC_WEAK = YES;
				CLANG_WARN_BLOCK_CAPTURE_AUTORELEASING = YES;
				CLANG_WARN_BOOL_CONVERSION = YES;
				CLANG_WARN_COMMA = YES;
				CLANG_WARN_CONSTANT_CONVERSION = YES;
				CLANG_WARN_DEPRECATED_OBJC_IMPLEMENTATIONS = YES;
				CLANG_WARN_DIRECT_OBJC_ISA_USAGE = YES_ERROR;
				CLANG_WARN_DOCUMENTATION_COMMENTS = YES;
				CLANG_WARN_EMPTY_BODY = YES;
				CLANG_WARN_ENUM_CONVERSION = YES;
				CLANG_WARN_INFINITE_RECURSION = YES;
				CLANG_WARN_INT_CONVERSION = YES;
				CLANG_WARN_NON_LITERAL_NULL_CONVERSION = YES;
				CLANG_WARN_OBJC_IMPLICIT_RETAIN_SELF = YES;
				CLANG_WARN_OBJC_LITERAL_CONVERSION = YES;
				CLANG_WARN_OBJC_ROOT_CLASS = YES_ERROR;
				CLANG_WARN_RANGE_LOOP_ANALYSIS = YES;
				CLANG_WARN_STRICT_PROTOTYPES = YES;
				CLANG_WARN_SUSPICIOUS_MOVE = YES;
				CLANG_WARN_UNGUARDED_AVAILABILITY = YES_AGGRESSIVE;
				CLANG_WARN_UNREACHABLE_CODE = YES;
				CLANG_WARN__DUPLICATE_METHOD_MATCH = YES;
				CODE_SIGN_IDENTITY = "iPhone Developer";
				COPY_PHASE_STRIP = NO;
				DEBUG_INFORMATION_FORMAT = dwarf;
				ENABLE_STRICT_OBJC_MSGSEND = YES;
				ENABLE_TESTABILITY = YES;
				GCC_C_LANGUAGE_STANDARD = gnu11;
				GCC_DYNAMIC_NO_PIC = NO;
				GCC_NO_COMMON_BLOCKS = YES;
				GCC_OPTIMIZATION_LEVEL = 0;
				GCC_PREPROCESSOR_DEFINITIONS = (
					"DEBUG=1",
					"$(inherited)",
				);
				GCC_WARN_64_TO_32_BIT_CONVERSION = YES;
				GCC_WARN_ABOUT_RETURN_TYPE = YES_ERROR;
				GCC_WARN_UNDECLARED_SELECTOR = YES;
				GCC_WARN_UNINITIALIZED_AUTOS = YES_AGGRESSIVE;
				GCC_WARN_UNUSED_FUNCTION = YES;
				GCC_WARN_UNUSED_VARIABLE = YES;
				IPHONEOS_DEPLOYMENT_TARGET = 12.2;
				MTL_ENABLE_DEBUG_INFO = INCLUDE_SOURCE;
				MTL_FAST_MATH = YES;
				ONLY_ACTIVE_ARCH = YES;
				SDKROOT = iphoneos;
				SWIFT_ACTIVE_COMPILATION_CONDITIONS = DEBUG;
				SWIFT_OPTIMIZATION_LEVEL = "-Onone";
			};
			name = Debug;
		};
		7D262B8822B29F7C00DEB3FE /* Release */ = {
			isa = XCBuildConfiguration;
			buildSettings = {
				ALWAYS_SEARCH_USER_PATHS = NO;
				CLANG_ANALYZER_NONNULL = YES;
				CLANG_ANALYZER_NUMBER_OBJECT_CONVERSION = YES_AGGRESSIVE;
				CLANG_CXX_LANGUAGE_STANDARD = "gnu++14";
				CLANG_CXX_LIBRARY = "libc++";
				CLANG_ENABLE_MODULES = YES;
				CLANG_ENABLE_OBJC_ARC = YES;
				CLANG_ENABLE_OBJC_WEAK = YES;
				CLANG_WARN_BLOCK_CAPTURE_AUTORELEASING = YES;
				CLANG_WARN_BOOL_CONVERSION = YES;
				CLANG_WARN_COMMA = YES;
				CLANG_WARN_CONSTANT_CONVERSION = YES;
				CLANG_WARN_DEPRECATED_OBJC_IMPLEMENTATIONS = YES;
				CLANG_WARN_DIRECT_OBJC_ISA_USAGE = YES_ERROR;
				CLANG_WARN_DOCUMENTATION_COMMENTS = YES;
				CLANG_WARN_EMPTY_BODY = YES;
				CLANG_WARN_ENUM_CONVERSION = YES;
				CLANG_WARN_INFINITE_RECURSION = YES;
				CLANG_WARN_INT_CONVERSION = YES;
				CLANG_WARN_NON_LITERAL_NULL_CONVERSION = YES;
				CLANG_WARN_OBJC_IMPLICIT_RETAIN_SELF = YES;
				CLANG_WARN_OBJC_LITERAL_CONVERSION = YES;
				CLANG_WARN_OBJC_ROOT_CLASS = YES_ERROR;
				CLANG_WARN_RANGE_LOOP_ANALYSIS = YES;
				CLANG_WARN_STRICT_PROTOTYPES = YES;
				CLANG_WARN_SUSPICIOUS_MOVE = YES;
				CLANG_WARN_UNGUARDED_AVAILABILITY = YES_AGGRESSIVE;
				CLANG_WARN_UNREACHABLE_CODE = YES;
				CLANG_WARN__DUPLICATE_METHOD_MATCH = YES;
				CODE_SIGN_IDENTITY = "iPhone Developer";
				COPY_PHASE_STRIP = NO;
				DEBUG_INFORMATION_FORMAT = "dwarf-with-dsym";
				ENABLE_NS_ASSERTIONS = NO;
				ENABLE_STRICT_OBJC_MSGSEND = YES;
				GCC_C_LANGUAGE_STANDARD = gnu11;
				GCC_NO_COMMON_BLOCKS = YES;
				GCC_WARN_64_TO_32_BIT_CONVERSION = YES;
				GCC_WARN_ABOUT_RETURN_TYPE = YES_ERROR;
				GCC_WARN_UNDECLARED_SELECTOR = YES;
				GCC_WARN_UNINITIALIZED_AUTOS = YES_AGGRESSIVE;
				GCC_WARN_UNUSED_FUNCTION = YES;
				GCC_WARN_UNUSED_VARIABLE = YES;
				IPHONEOS_DEPLOYMENT_TARGET = 12.2;
				MTL_ENABLE_DEBUG_INFO = NO;
				MTL_FAST_MATH = YES;
				SDKROOT = iphoneos;
				SWIFT_COMPILATION_MODE = wholemodule;
				SWIFT_OPTIMIZATION_LEVEL = "-O";
				VALIDATE_PRODUCT = YES;
			};
			name = Release;
		};
		7D262B8A22B29F7C00DEB3FE /* Debug */ = {
			isa = XCBuildConfiguration;
			baseConfigurationReference = 0D7E62792D92BE2C0B3BF484 /* Pods-Advice.debug.xcconfig */;
			buildSettings = {
				ASSETCATALOG_COMPILER_APPICON_NAME = AppIcon;
				CODE_SIGN_STYLE = Automatic;
				INFOPLIST_FILE = Advice/Info.plist;
				LD_RUNPATH_SEARCH_PATHS = (
					"$(inherited)",
					"@executable_path/Frameworks",
				);
				PRODUCT_BUNDLE_IDENTIFIER = com.detroitlabs.Advice;
				PRODUCT_NAME = "$(TARGET_NAME)";
				SWIFT_VERSION = 5.0;
				TARGETED_DEVICE_FAMILY = "1,2";
			};
			name = Debug;
		};
		7D262B8B22B29F7C00DEB3FE /* Release */ = {
			isa = XCBuildConfiguration;
			baseConfigurationReference = B9E35FC0F494BA38C535C328 /* Pods-Advice.release.xcconfig */;
			buildSettings = {
				ASSETCATALOG_COMPILER_APPICON_NAME = AppIcon;
				CODE_SIGN_STYLE = Automatic;
				INFOPLIST_FILE = Advice/Info.plist;
				LD_RUNPATH_SEARCH_PATHS = (
					"$(inherited)",
					"@executable_path/Frameworks",
				);
				PRODUCT_BUNDLE_IDENTIFIER = com.detroitlabs.Advice;
				PRODUCT_NAME = "$(TARGET_NAME)";
				SWIFT_VERSION = 5.0;
				TARGETED_DEVICE_FAMILY = "1,2";
			};
			name = Release;
		};
/* End XCBuildConfiguration section */

/* Begin XCConfigurationList section */
		7D262B6F22B29F7B00DEB3FE /* Build configuration list for PBXProject "Advice" */ = {
			isa = XCConfigurationList;
			buildConfigurations = (
				7D262B8722B29F7C00DEB3FE /* Debug */,
				7D262B8822B29F7C00DEB3FE /* Release */,
			);
			defaultConfigurationIsVisible = 0;
			defaultConfigurationName = Release;
		};
		7D262B8922B29F7C00DEB3FE /* Build configuration list for PBXNativeTarget "Advice" */ = {
			isa = XCConfigurationList;
			buildConfigurations = (
				7D262B8A22B29F7C00DEB3FE /* Debug */,
				7D262B8B22B29F7C00DEB3FE /* Release */,
			);
			defaultConfigurationIsVisible = 0;
			defaultConfigurationName = Release;
		};
/* End XCConfigurationList section */

/* Begin XCVersionGroup section */
		7D262B7E22B29F7B00DEB3FE /* Advice.xcdatamodeld */ = {
			isa = XCVersionGroup;
			children = (
				7D262B7F22B29F7B00DEB3FE /* Advice.xcdatamodel */,
			);
			currentVersion = 7D262B7F22B29F7B00DEB3FE /* Advice.xcdatamodel */;
			path = Advice.xcdatamodeld;
			sourceTree = "<group>";
			versionGroupType = wrapper.xcdatamodel;
		};
/* End XCVersionGroup section */
	};
	rootObject = 7D262B6C22B29F7B00DEB3FE /* Project object */;
}
